
Microsoft Visual Studio Solution File, Format Version 12.00
# Visual Studio Version 16
VisualStudioVersion = 16.0.30611.23
MinimumVisualStudioVersion = 10.0.40219.1
Project("{FAE04EC0-301F-11D3-BF4B-00C04F79EFBC}") = "Dice_Chase", "Dice_Chase.csproj", "{AA829008-84CD-41B6-BEB8-5A32A0C63CA2}"
EndProject
Global
	GlobalSection(SolutionConfigurationPlatforms) = preSolution
		Debug|Any CPU = Debug|Any CPU
		Release|Any CPU = Release|Any CPU
	EndGlobalSection
	GlobalSection(ProjectConfigurationPlatforms) = postSolution
		{AA829008-84CD-41B6-BEB8-5A32A0C63CA2}.Debug|Any CPU.ActiveCfg = Debug|Any CPU
		{AA829008-84CD-41B6-BEB8-5A32A0C63CA2}.Debug|Any CPU.Build.0 = Debug|Any CPU
		{AA829008-84CD-41B6-BEB8-5A32A0C63CA2}.Release|Any CPU.ActiveCfg = Release|Any CPU
		{AA829008-84CD-41B6-BEB8-5A32A0C63CA2}.Release|Any CPU.Build.0 = Release|Any CPU
	EndGlobalSection
	GlobalSection(SolutionProperties) = preSolution
		HideSolutionNode = FALSE
	EndGlobalSection
	GlobalSection(ExtensibilityGlobals) = postSolution
		SolutionGuid = {76856DA1-575C-4EFF-A1E2-27E9E8A47F82}
	EndGlobalSection
EndGlobal
